Microsoft Visual Studio Solution File, Format Version 12.00
# Visual Studio 2013
VisualStudioVersion = 12.0.30723.0
MinimumVisualStudioVersion = 10.0.40219.1
Project("{FAE04EC0-301F-11D3-BF4B-00C04F79EFBC}") = "LogMaster4Net.MasterServer", "MasterServer\LogMaster4Net.MasterServer.csproj", "{7D4AB859-06FC-44D2-ABFD-AD8EE99C94A6}"
EndProject
Project("{FAE04EC0-301F-11D3-BF4B-00C04F79EFBC}") = "LogMaster4Net.Base", "Base\LogMaster4Net.Base.csproj", "{EF0D6FB5-5350-42B6-85C2-49C5194D53E5}"
EndProject
Project("{FAE04EC0-301F-11D3-BF4B-00C04F79EFBC}") = "LogMaster4Net.Log4NetAdapter", "Log4NetAdapter\LogMaster4Net.Log4NetAdapter.csproj", "{94EDFB3D-FB54-4025-AD62-8CE9B5341B60}"
EndProject
Project("{FAE04EC0-301F-11D3-BF4B-00C04F79EFBC}") = "Test", "Test\Test.csproj", "{CB9DC135-4E2B-414E-8652-C8957A94BE14}"
EndProject
Project("{FAE04EC0-301F-11D3-BF4B-00C04F79EFBC}") = "LogMaster4Net.NLogAdapter", "NLogAdapter\LogMaster4Net.NLogAdapter.csproj", "{B8AAF85A-7F5C-4D38-8EE5-8315D12BEBC8}"
EndProject
Global
	GlobalSection(SolutionConfigurationPlatforms) = preSolution
		Debug|Any CPU = Debug|Any CPU
		Release|Any CPU = Release|Any CPU
	EndGlobalSection
	GlobalSection(ProjectConfigurationPlatforms) = postSolution
		{7D4AB859-06FC-44D2-ABFD-AD8EE99C94A6}.Debug|Any CPU.ActiveCfg = Debug|Any CPU
		{7D4AB859-06FC-44D2-ABFD-AD8EE99C94A6}.Debug|Any CPU.Build.0 = Debug|Any CPU
		{7D4AB859-06FC-44D2-ABFD-AD8EE99C94A6}.Release|Any CPU.ActiveCfg = Release|Any CPU
		{7D4AB859-06FC-44D2-ABFD-AD8EE99C94A6}.Release|Any CPU.Build.0 = Release|Any CPU
		{EF0D6FB5-5350-42B6-85C2-49C5194D53E5}.Debug|Any CPU.ActiveCfg = Debug|Any CPU
		{EF0D6FB5-5350-42B6-85C2-49C5194D53E5}.Debug|Any CPU.Build.0 = Debug|Any CPU
		{EF0D6FB5-5350-42B6-85C2-49C5194D53E5}.Release|Any CPU.ActiveCfg = Release|Any CPU
		{EF0D6FB5-5350-42B6-85C2-49C5194D53E5}.Release|Any CPU.Build.0 = Release|Any CPU
		{94EDFB3D-FB54-4025-AD62-8CE9B5341B60}.Debug|Any CPU.ActiveCfg = Debug|Any CPU
		{94EDFB3D-FB54-4025-AD62-8CE9B5341B60}.Debug|Any CPU.Build.0 = Debug|Any CPU
		{94EDFB3D-FB54-4025-AD62-8CE9B5341B60}.Release|Any CPU.ActiveCfg = Release|Any CPU
		{94EDFB3D-FB54-4025-AD62-8CE9B5341B60}.Release|Any CPU.Build.0 = Release|Any CPU
		{CB9DC135-4E2B-414E-8652-C8957A94BE14}.Debug|Any CPU.ActiveCfg = Debug|Any CPU
		{CB9DC135-4E2B-414E-8652-C8957A94BE14}.Debug|Any CPU.Build.0 = Debug|Any CPU
		{CB9DC135-4E2B-414E-8652-C8957A94BE14}.Release|Any CPU.ActiveCfg = Release|Any CPU
		{CB9DC135-4E2B-414E-8652-C8957A94BE14}.Release|Any CPU.Build.0 = Release|Any CPU
		{B8AAF85A-7F5C-4D38-8EE5-8315D12BEBC8}.Debug|Any CPU.ActiveCfg = Debug|Any CPU
		{B8AAF85A-7F5C-4D38-8EE5-8315D12BEBC8}.Debug|Any CPU.Build.0 = Debug|Any CPU
		{B8AAF85A-7F5C-4D38-8EE5-8315D12BEBC8}.Release|Any CPU.ActiveCfg = Release|Any CPU
		{B8AAF85A-7F5C-4D38-8EE5-8315D12BEBC8}.Release|Any CPU.Build.0 = Release|Any CPU
	EndGlobalSection
	GlobalSection(SolutionProperties) = preSolution
		HideSolutionNode = FALSE
	EndGlobalSection
EndGlobal